
Microsoft Visual Studio Solution File, Format Version 12.00
# Visual Studio Version 17
VisualStudioVersion = 17.0.32112.339
MinimumVisualStudioVersion = 10.0.40219.1
Project("{9A19103F-16F7-4668-BE54-9A1E7A4F7556}") = "BloonsTD6 Mod Helper", "BloonsTD6 Mod Helper\BloonsTD6 Mod Helper.csproj", "{33F3CAD7-6D69-4C86-8117-F5B3BBB81BB2}"
EndProject
Global
	GlobalSection(SolutionConfigurationPlatforms) = preSolution
		Debug|Any CPU = Debug|Any CPU
		Release|Any CPU = Release|Any CPU
	EndGlobalSection
	GlobalSection(ProjectConfigurationPlatforms) = postSolution
		{33F3CAD7-6D69-4C86-8117-F5B3BBB81BB2}.Debug|Any CPU.ActiveCfg = Debug|Any CPU
		{33F3CAD7-6D69-4C86-8117-F5B3BBB81BB2}.Debug|Any CPU.Build.0 = Debug|Any CPU
		{33F3CAD7-6D69-4C86-8117-F5B3BBB81BB2}.Release|Any CPU.ActiveCfg = Release|Any CPU
		{33F3CAD7-6D69-4C86-8117-F5B3BBB81BB2}.Release|Any CPU.Build.0 = Release|Any CPU
	EndGlobalSection
	GlobalSection(SolutionProperties) = preSolution
		HideSolutionNode = FALSE
	EndGlobalSection
	GlobalSection(ExtensibilityGlobals) = postSolution
		SolutionGuid = {9EA78EC1-475B-4A4E-93DC-40F93636F7E5}
	EndGlobalSection
EndGlobal
